
Microsoft Visual Studio Solution File, Format Version 12.00
# Visual Studio Version 17
VisualStudioVersion = 17.5.33414.496
MinimumVisualStudioVersion = 10.0.40219.1
Project("{FAE04EC0-301F-11D3-BF4B-00C04F79EFBC}") = "TP_MOD6_1302213035", "TP_MOD6_1302213035.csproj", "{AB766D14-6909-4A92-A30A-B77EF3F2A81A}"
EndProject
Global
	GlobalSection(SolutionConfigurationPlatforms) = preSolution
		Debug|Any CPU = Debug|Any CPU
		Release|Any CPU = Release|Any CPU
	EndGlobalSection
	GlobalSection(ProjectConfigurationPlatforms) = postSolution
		{AB766D14-6909-4A92-A30A-B77EF3F2A81A}.Debug|Any CPU.ActiveCfg = Debug|Any CPU
		{AB766D14-6909-4A92-A30A-B77EF3F2A81A}.Debug|Any CPU.Build.0 = Debug|Any CPU
		{AB766D14-6909-4A92-A30A-B77EF3F2A81A}.Release|Any CPU.ActiveCfg = Release|Any CPU
		{AB766D14-6909-4A92-A30A-B77EF3F2A81A}.Release|Any CPU.Build.0 = Release|Any CPU
	EndGlobalSection
	GlobalSection(SolutionProperties) = preSolution
		HideSolutionNode = FALSE
	EndGlobalSection
	GlobalSection(ExtensibilityGlobals) = postSolution
		SolutionGuid = {129980B4-8FB9-422E-AFFD-939D4EAF8534}
	EndGlobalSection
EndGlobal
